
Microsoft Visual Studio Solution File, Format Version 12.00
# Visual Studio Version 17
VisualStudioVersion = 17.1.32328.378
MinimumVisualStudioVersion = 10.0.40219.1
Project("{2150E333-8FDC-42A3-9474-1A3956D46DE8}") = "Services", "Services", "{43B0E9DC-A653-4C35-BA4D-1617B6967D19}"
EndProject
Project("{2150E333-8FDC-42A3-9474-1A3956D46DE8}") = "Catalog", "Catalog", "{38C66D9C-477C-427C-BA9F-3E155EBFA77C}"
EndProject
Project("{9A19103F-16F7-4668-BE54-9A1E7A4F7556}") = "Catalog.API", "Services\Catalog\Catalog.API\Catalog.API.csproj", "{4F95D0E2-1D00-4F13-AAE2-C1D4CA800E5E}"
EndProject
Project("{E53339B2-1760-4266-BCC7-CA923CBCF16C}") = "docker-compose", "docker-compose.dcproj", "{5E26B4CD-4E50-400A-BBB5-20EF67C2109D}"
EndProject
Project("{2150E333-8FDC-42A3-9474-1A3956D46DE8}") = "Basket", "Basket", "{CDDC6D2E-FC2C-4EDB-950A-7858EFC95C7B}"
EndProject
Project("{9A19103F-16F7-4668-BE54-9A1E7A4F7556}") = "Basket.API", "Services\Basket\Basket.API\Basket.API.csproj", "{D00F5BB1-11F3-4D31-BB2E-9C0E5C618C44}"
EndProject
Project("{2150E333-8FDC-42A3-9474-1A3956D46DE8}") = "Discount", "Discount", "{B9A2A8E0-A4DB-42DE-AAA3-C9A57BA9D812}"
EndProject
Project("{9A19103F-16F7-4668-BE54-9A1E7A4F7556}") = "Discount.API", "Services\Discount\Discount.API\Discount.API.csproj", "{6DF05496-B0A8-400A-AB69-70C187EF7DAD}"
EndProject
Project("{9A19103F-16F7-4668-BE54-9A1E7A4F7556}") = "Discount.Grpc", "Services\Discount\Discount.Grpc\Discount.Grpc.csproj", "{F40297BD-8258-4F2F-A19B-C8397AFEEC9E}"
EndProject
Project("{2150E333-8FDC-42A3-9474-1A3956D46DE8}") = "Ordering", "Ordering", "{1955C950-1037-4642-96EF-A2A1D0C94C6B}"
EndProject
Project("{9A19103F-16F7-4668-BE54-9A1E7A4F7556}") = "Ordering.API", "Services\Ordering\Ordering.API\Ordering.API.csproj", "{1E3A260E-381E-4A51-ABDA-6284E11F97CC}"
EndProject
Project("{FAE04EC0-301F-11D3-BF4B-00C04F79EFBC}") = "Ordering.Domain", "Services\Ordering\Ordering.Domain\Ordering.Domain.csproj", "{07A710AC-5A1E-49F5-87A9-E83C60760AFD}"
EndProject
Project("{FAE04EC0-301F-11D3-BF4B-00C04F79EFBC}") = "Ordering.Application", "Services\Ordering\Ordering.Application\Ordering.Application.csproj", "{1B595601-2FE6-4859-9226-F41540AFDBE0}"
EndProject
Project("{FAE04EC0-301F-11D3-BF4B-00C04F79EFBC}") = "Ordering.Infrastructure", "Services\Ordering\Ordering.Infrastructure\Ordering.Infrastructure.csproj", "{6E6E81DD-0F64-4EFB-96AD-CAFDD77DF1D2}"
EndProject
Project("{2150E333-8FDC-42A3-9474-1A3956D46DE8}") = "Solution Items", "Solution Items", "{AABFACD1-C6AF-4091-8AED-0CADED7A599A}"
	ProjectSection(SolutionItems) = preProject
		.editorconfig = .editorconfig
	EndProjectSection
EndProject
Global
	GlobalSection(SolutionConfigurationPlatforms) = preSolution
		Debug|Any CPU = Debug|Any CPU
		Release|Any CPU = Release|Any CPU
	EndGlobalSection
	GlobalSection(ProjectConfigurationPlatforms) = postSolution
		{4F95D0E2-1D00-4F13-AAE2-C1D4CA800E5E}.Debug|Any CPU.ActiveCfg = Debug|Any CPU
		{4F95D0E2-1D00-4F13-AAE2-C1D4CA800E5E}.Debug|Any CPU.Build.0 = Debug|Any CPU
		{4F95D0E2-1D00-4F13-AAE2-C1D4CA800E5E}.Release|Any CPU.ActiveCfg = Release|Any CPU
		{4F95D0E2-1D00-4F13-AAE2-C1D4CA800E5E}.Release|Any CPU.Build.0 = Release|Any CPU
		{5E26B4CD-4E50-400A-BBB5-20EF67C2109D}.Debug|Any CPU.ActiveCfg = Debug|Any CPU
		{5E26B4CD-4E50-400A-BBB5-20EF67C2109D}.Debug|Any CPU.Build.0 = Debug|Any CPU
		{5E26B4CD-4E50-400A-BBB5-20EF67C2109D}.Release|Any CPU.ActiveCfg = Release|Any CPU
		{5E26B4CD-4E50-400A-BBB5-20EF67C2109D}.Release|Any CPU.Build.0 = Release|Any CPU
		{D00F5BB1-11F3-4D31-BB2E-9C0E5C618C44}.Debug|Any CPU.ActiveCfg = Debug|Any CPU
		{D00F5BB1-11F3-4D31-BB2E-9C0E5C618C44}.Debug|Any CPU.Build.0 = Debug|Any CPU
		{D00F5BB1-11F3-4D31-BB2E-9C0E5C618C44}.Release|Any CPU.ActiveCfg = Release|Any CPU
		{D00F5BB1-11F3-4D31-BB2E-9C0E5C618C44}.Release|Any CPU.Build.0 = Release|Any CPU
		{6DF05496-B0A8-400A-AB69-70C187EF7DAD}.Debug|Any CPU.ActiveCfg = Debug|Any CPU
		{6DF05496-B0A8-400A-AB69-70C187EF7DAD}.Debug|Any CPU.Build.0 = Debug|Any CPU
		{6DF05496-B0A8-400A-AB69-70C187EF7DAD}.Release|Any CPU.ActiveCfg = Release|Any CPU
		{6DF05496-B0A8-400A-AB69-70C187EF7DAD}.Release|Any CPU.Build.0 = Release|Any CPU
		{F40297BD-8258-4F2F-A19B-C8397AFEEC9E}.Debug|Any CPU.ActiveCfg = Debug|Any CPU
		{F40297BD-8258-4F2F-A19B-C8397AFEEC9E}.Debug|Any CPU.Build.0 = Debug|Any CPU
		{F40297BD-8258-4F2F-A19B-C8397AFEEC9E}.Release|Any CPU.ActiveCfg = Release|Any CPU
		{F40297BD-8258-4F2F-A19B-C8397AFEEC9E}.Release|Any CPU.Build.0 = Release|Any CPU
		{1E3A260E-381E-4A51-ABDA-6284E11F97CC}.Debug|Any CPU.ActiveCfg = Debug|Any CPU
		{1E3A260E-381E-4A51-ABDA-6284E11F97CC}.Debug|Any CPU.Build.0 = Debug|Any CPU
		{1E3A260E-381E-4A51-ABDA-6284E11F97CC}.Release|Any CPU.ActiveCfg = Release|Any CPU
		{1E3A260E-381E-4A51-ABDA-6284E11F97CC}.Release|Any CPU.Build.0 = Release|Any CPU
		{07A710AC-5A1E-49F5-87A9-E83C60760AFD}.Debug|Any CPU.ActiveCfg = Debug|Any CPU
		{07A710AC-5A1E-49F5-87A9-E83C60760AFD}.Debug|Any CPU.Build.0 = Debug|Any CPU
		{07A710AC-5A1E-49F5-87A9-E83C60760AFD}.Release|Any CPU.ActiveCfg = Release|Any CPU
		{07A710AC-5A1E-49F5-87A9-E83C60760AFD}.Release|Any CPU.Build.0 = Release|Any CPU
		{1B595601-2FE6-4859-9226-F41540AFDBE0}.Debug|Any CPU.ActiveCfg = Debug|Any CPU
		{1B595601-2FE6-4859-9226-F41540AFDBE0}.Debug|Any CPU.Build.0 = Debug|Any CPU
		{1B595601-2FE6-4859-9226-F41540AFDBE0}.Release|Any CPU.ActiveCfg = Release|Any CPU
		{1B595601-2FE6-4859-9226-F41540AFDBE0}.Release|Any CPU.Build.0 = Release|Any CPU
		{6E6E81DD-0F64-4EFB-96AD-CAFDD77DF1D2}.Debug|Any CPU.ActiveCfg = Debug|Any CPU
		{6E6E81DD-0F64-4EFB-96AD-CAFDD77DF1D2}.Debug|Any CPU.Build.0 = Debug|Any CPU
		{6E6E81DD-0F64-4EFB-96AD-CAFDD77DF1D2}.Release|Any CPU.ActiveCfg = Release|Any CPU
		{6E6E81DD-0F64-4EFB-96AD-CAFDD77DF1D2}.Release|Any CPU.Build.0 = Release|Any CPU
	EndGlobalSection
	GlobalSection(SolutionProperties) = preSolution
		HideSolutionNode = FALSE
	EndGlobalSection
	GlobalSection(NestedProjects) = preSolution
		{38C66D9C-477C-427C-BA9F-3E155EBFA77C} = {43B0E9DC-A653-4C35-BA4D-1617B6967D19}
		{4F95D0E2-1D00-4F13-AAE2-C1D4CA800E5E} = {38C66D9C-477C-427C-BA9F-3E155EBFA77C}
		{CDDC6D2E-FC2C-4EDB-950A-7858EFC95C7B} = {43B0E9DC-A653-4C35-BA4D-1617B6967D19}
		{D00F5BB1-11F3-4D31-BB2E-9C0E5C618C44} = {CDDC6D2E-FC2C-4EDB-950A-7858EFC95C7B}
		{B9A2A8E0-A4DB-42DE-AAA3-C9A57BA9D812} = {43B0E9DC-A653-4C35-BA4D-1617B6967D19}
		{6DF05496-B0A8-400A-AB69-70C187EF7DAD} = {B9A2A8E0-A4DB-42DE-AAA3-C9A57BA9D812}
		{F40297BD-8258-4F2F-A19B-C8397AFEEC9E} = {B9A2A8E0-A4DB-42DE-AAA3-C9A57BA9D812}
		{1955C950-1037-4642-96EF-A2A1D0C94C6B} = {43B0E9DC-A653-4C35-BA4D-1617B6967D19}
		{1E3A260E-381E-4A51-ABDA-6284E11F97CC} = {1955C950-1037-4642-96EF-A2A1D0C94C6B}
		{07A710AC-5A1E-49F5-87A9-E83C60760AFD} = {1955C950-1037-4642-96EF-A2A1D0C94C6B}
		{1B595601-2FE6-4859-9226-F41540AFDBE0} = {1955C950-1037-4642-96EF-A2A1D0C94C6B}
		{6E6E81DD-0F64-4EFB-96AD-CAFDD77DF1D2} = {1955C950-1037-4642-96EF-A2A1D0C94C6B}
	EndGlobalSection
	GlobalSection(ExtensibilityGlobals) = postSolution
		SolutionGuid = {F92D9E2E-AB86-4609-B5EB-36D7E6121E09}
	EndGlobalSection
EndGlobal
